
Microsoft Visual Studio Solution File, Format Version 12.00
# Visual Studio Version 17
VisualStudioVersion = 17.8.34316.72
MinimumVisualStudioVersion = 10.0.40219.1
Project("{FAE04EC0-301F-11D3-BF4B-00C04F79EFBC}") = "prog2500-imdb", "prog2500-imdb\prog2500-imdb.csproj", "{044730AE-4EA0-432F-B1BC-A475B2EBF333}"
EndProject
Global
	GlobalSection(SolutionConfigurationPlatforms) = preSolution
		Debug|Any CPU = Debug|Any CPU
		Release|Any CPU = Release|Any CPU
	EndGlobalSection
	GlobalSection(ProjectConfigurationPlatforms) = postSolution
		{044730AE-4EA0-432F-B1BC-A475B2EBF333}.Debug|Any CPU.ActiveCfg = Debug|Any CPU
		{044730AE-4EA0-432F-B1BC-A475B2EBF333}.Debug|Any CPU.Build.0 = Debug|Any CPU
		{044730AE-4EA0-432F-B1BC-A475B2EBF333}.Release|Any CPU.ActiveCfg = Release|Any CPU
		{044730AE-4EA0-432F-B1BC-A475B2EBF333}.Release|Any CPU.Build.0 = Release|Any CPU
	EndGlobalSection
	GlobalSection(SolutionProperties) = preSolution
		HideSolutionNode = FALSE
	EndGlobalSection
	GlobalSection(ExtensibilityGlobals) = postSolution
		SolutionGuid = {1DAEE350-8AFF-4EB3-A493-9FF240E922D6}
	EndGlobalSection
EndGlobal
